
Microsoft Visual Studio Solution File, Format Version 12.00
# Visual Studio 15
VisualStudioVersion = 15.0.28307.489
MinimumVisualStudioVersion = 10.0.40219.1
Project("{FAE04EC0-301F-11D3-BF4B-00C04F79EFBC}") = "EchoBot1", "EchoBot1\EchoBot1.csproj", "{900F64B4-39CD-4C39-A597-0B678F4247F4}"
EndProject
Global
	GlobalSection(SolutionConfigurationPlatforms) = preSolution
		Debug|Any CPU = Debug|Any CPU
		Release|Any CPU = Release|Any CPU
	EndGlobalSection
	GlobalSection(ProjectConfigurationPlatforms) = postSolution
		{900F64B4-39CD-4C39-A597-0B678F4247F4}.Debug|Any CPU.ActiveCfg = Debug|Any CPU
		{900F64B4-39CD-4C39-A597-0B678F4247F4}.Debug|Any CPU.Build.0 = Debug|Any CPU
		{900F64B4-39CD-4C39-A597-0B678F4247F4}.Release|Any CPU.ActiveCfg = Release|Any CPU
		{900F64B4-39CD-4C39-A597-0B678F4247F4}.Release|Any CPU.Build.0 = Release|Any CPU
	EndGlobalSection
	GlobalSection(SolutionProperties) = preSolution
		HideSolutionNode = FALSE
	EndGlobalSection
	GlobalSection(ExtensibilityGlobals) = postSolution
		SolutionGuid = {758C6797-885E-449A-99E7-AA618972141F}
	EndGlobalSection
EndGlobal
